
Microsoft Visual Studio Solution File, Format Version 12.00
# Visual Studio Version 17
VisualStudioVersion = 17.5.33516.290
MinimumVisualStudioVersion = 10.0.40219.1
Project("{9A19103F-16F7-4668-BE54-9A1E7A4F7556}") = "Mission14API", "Mission14API.csproj", "{FD594A47-9A87-4FEF-AB19-5D36147867A4}"
EndProject
Global
	GlobalSection(SolutionConfigurationPlatforms) = preSolution
		Debug|Any CPU = Debug|Any CPU
		Release|Any CPU = Release|Any CPU
	EndGlobalSection
	GlobalSection(ProjectConfigurationPlatforms) = postSolution
		{FD594A47-9A87-4FEF-AB19-5D36147867A4}.Debug|Any CPU.ActiveCfg = Debug|Any CPU
		{FD594A47-9A87-4FEF-AB19-5D36147867A4}.Debug|Any CPU.Build.0 = Debug|Any CPU
		{FD594A47-9A87-4FEF-AB19-5D36147867A4}.Release|Any CPU.ActiveCfg = Release|Any CPU
		{FD594A47-9A87-4FEF-AB19-5D36147867A4}.Release|Any CPU.Build.0 = Release|Any CPU
	EndGlobalSection
	GlobalSection(SolutionProperties) = preSolution
		HideSolutionNode = FALSE
	EndGlobalSection
	GlobalSection(ExtensibilityGlobals) = postSolution
		SolutionGuid = {28ACD6A3-5E8A-488F-B6B6-10B2E03C018E}
	EndGlobalSection
EndGlobal
